{
  "name": "wayback-go",
  "lockfileVersion": 3,
  "requires": true,
  "packages": {
    "": {
      "dependencies": {
        "typescript": "^6.0.3"
      },
      "devDependencies": {
        "chrome-types": "^0.1.425"
      }
    },
    "node_modules/chrome-types": {
      "version": "0.1.425",
      "resolved": "https://registry.npmjs.org/chrome-types/-/chrome-types-0.1.425.tgz",
      "integrity": "sha512-uc1Mc4EGLUeZ1O6ZeQwezCLBrwbBxsPeCu9V7E+8+YHudg6RecgWtzG7L2m+ZW+3ahayhFDq0BwjM2aFujxdyw==",
      "dev": true,
      "license": "Apache-2.0"
    },
    "node_modules/typescript": {
      "version": "6.0.3",
      "resolved": "https://registry.npmjs.org/typescript/-/typescript-6.0.3.tgz",
      "integrity": "sha512-y2TvuxSZPDyQakkFRPZHKFm+KKVqIisdg9/CZwm9ftvKXLP8NRWj38/ODjNbr43SsoXqNuAisEf1GdCxqWcdBw==",
      "license": "Apache-2.0",
      "bin": {
        "tsc": "bin/tsc",
        "tsserver": "bin/tsserver"
      },
      "engines": {
        "node": ">=14.17"
      }
    }
  }
}
